// !$*UTF8*$!
{
	archiveVersion = 1;
	classes = {
	};
	objectVersion = 55;
	objects = {

/* Begin PBXBuildFile section */
		DE1A7B2827382CB6006AFE65 /* StateFullOperation.docc in Sources */ = {isa = PBXBuildFile; fileRef = DE1A7B2727382CB6006AFE65 /* StateFullOperation.docc */; };
		DE1A7B2E27382CB7006AFE65 /* StateFullOperation.framework in Frameworks */ = {isa = PBXBuildFile; fileRef = DE1A7B2327382CB6006AFE65 /* StateFullOperation.framework */; };
		DE1A7B3327382CB7006AFE65 /* StateFullOperationTests.swift in Sources */ = {isa = PBXBuildFile; fileRef = DE1A7B3227382CB7006AFE65 /* StateFullOperationTests.swift */; };
		DE1A7B3427382CB7006AFE65 /* StateFullOperation.h in Headers */ = {isa = PBXBuildFile; fileRef = DE1A7B2627382CB6006AFE65 /* StateFullOperation.h */; settings = {ATTRIBUTES = (Public, ); }; };
		DE1A7B4627382D7C006AFE65 /* Threading.swift in Sources */ = {isa = PBXBuildFile; fileRef = DE1A7B4527382D7C006AFE65 /* Threading.swift */; };
		DE1A7B4827382D81006AFE65 /* StateFullOperation.swift in Sources */ = {isa = PBXBuildFile; fileRef = DE1A7B4727382D81006AFE65 /* StateFullOperation.swift */; };
		DE1A7B4E27382D89006AFE65 /* OperationFinishState.swift in Sources */ = {isa = PBXBuildFile; fileRef = DE1A7B4927382D89006AFE65 /* OperationFinishState.swift */; };
		DE1A7B4F27382D89006AFE65 /* OperationCancelState.swift in Sources */ = {isa = PBXBuildFile; fileRef = DE1A7B4A27382D89006AFE65 /* OperationCancelState.swift */; };
		DE1A7B5027382D89006AFE65 /* OperationExecutingState.swift in Sources */ = {isa = PBXBuildFile; fileRef = DE1A7B4B27382D89006AFE65 /* OperationExecutingState.swift */; };
		DE1A7B5127382D89006AFE65 /* OperationReadyState.swift in Sources */ = {isa = PBXBuildFile; fileRef = DE1A7B4C27382D89006AFE65 /* OperationReadyState.swift */; };
		DE1A7B5227382D89006AFE65 /* OperationSuspendState.swift in Sources */ = {isa = PBXBuildFile; fileRef = DE1A7B4D27382D89006AFE65 /* OperationSuspendState.swift */; };
		DE1A7B5727382D93006AFE65 /* SafeOperation++IdentifiableOperation.swift in Sources */ = {isa = PBXBuildFile; fileRef = DE1A7B5327382D92006AFE65 /* SafeOperation++IdentifiableOperation.swift */; };
		DE1A7B5827382D93006AFE65 /* SafeOperation++Configuration.swift in Sources */ = {isa = PBXBuildFile; fileRef = DE1A7B5427382D92006AFE65 /* SafeOperation++Configuration.swift */; };
		DE1A7B5927382D93006AFE65 /* SafeOperation.swift in Sources */ = {isa = PBXBuildFile; fileRef = DE1A7B5527382D92006AFE65 /* SafeOperation.swift */; };
		DE1A7B5A27382D93006AFE65 /* SafeOperation++OperationDependencyProtocol.swift in Sources */ = {isa = PBXBuildFile; fileRef = DE1A7B5627382D93006AFE65 /* SafeOperation++OperationDependencyProtocol.swift */; };
		DE1A7B6127382D99006AFE65 /* OperationContextStateObject++Protocol.swift in Sources */ = {isa = PBXBuildFile; fileRef = DE1A7B5B27382D99006AFE65 /* OperationContextStateObject++Protocol.swift */; };
		DE1A7B6227382D99006AFE65 /* ControlableOperation++Protocol.swift in Sources */ = {isa = PBXBuildFile; fileRef = DE1A7B5C27382D99006AFE65 /* ControlableOperation++Protocol.swift */; };
		DE1A7B6327382D99006AFE65 /* OperationLifeCycleProvider++Protocol.swift in Sources */ = {isa = PBXBuildFile; fileRef = DE1A7B5D27382D99006AFE65 /* OperationLifeCycleProvider++Protocol.swift */; };
		DE1A7B6427382D99006AFE65 /* ConfigurableOperation++Protocol.swift in Sources */ = {isa = PBXBuildFile; fileRef = DE1A7B5E27382D99006AFE65 /* ConfigurableOperation++Protocol.swift */; };
		DE1A7B6527382D99006AFE65 /* OperationState++Protocol.swift in Sources */ = {isa = PBXBuildFile; fileRef = DE1A7B5F27382D99006AFE65 /* OperationState++Protocol.swift */; };
		DE1A7B6627382D99006AFE65 /* StateSupplementaryActionProvider++Protocol.swift in Sources */ = {isa = PBXBuildFile; fileRef = DE1A7B6027382D99006AFE65 /* StateSupplementaryActionProvider++Protocol.swift */; };
		DE1A7B6A27382D9F006AFE65 /* OperationIdentifier.swift in Sources */ = {isa = PBXBuildFile; fileRef = DE1A7B6727382D9F006AFE65 /* OperationIdentifier.swift */; };
		DE1A7B6B27382D9F006AFE65 /* OperationStateInfoModel.swift in Sources */ = {isa = PBXBuildFile; fileRef = DE1A7B6827382D9F006AFE65 /* OperationStateInfoModel.swift */; };
		DE1A7B6C27382D9F006AFE65 /* OperationStates.swift in Sources */ = {isa = PBXBuildFile; fileRef = DE1A7B6927382D9F006AFE65 /* OperationStates.swift */; };
		DE1A7B6E27382DA4006AFE65 /* SFOAlias.swift in Sources */ = {isa = PBXBuildFile; fileRef = DE1A7B6D27382DA4006AFE65 /* SFOAlias.swift */; };
		DE1A7B7027382DA8006AFE65 /* SFOError.swift in Sources */ = {isa = PBXBuildFile; fileRef = DE1A7B6F27382DA8006AFE65 /* SFOError.swift */; };
		DE1A7B7827382DC8006AFE65 /* AppDelegate.swift in Sources */ = {isa = PBXBuildFile; fileRef = DE1A7B7727382DC8006AFE65 /* AppDelegate.swift */; };
		DE1A7B7A27382DC8006AFE65 /* SceneDelegate.swift in Sources */ = {isa = PBXBuildFile; fileRef = DE1A7B7927382DC8006AFE65 /* SceneDelegate.swift */; };
		DE1A7B7C27382DC8006AFE65 /* ViewController.swift in Sources */ = {isa = PBXBuildFile; fileRef = DE1A7B7B27382DC8006AFE65 /* ViewController.swift */; };
		DE1A7B7F27382DC8006AFE65 /* Main.storyboard in Resources */ = {isa = PBXBuildFile; fileRef = DE1A7B7D27382DC8006AFE65 /* Main.storyboard */; };
		DE1A7B8127382DCC006AFE65 /* Assets.xcassets in Resources */ = {isa = PBXBuildFile; fileRef = DE1A7B8027382DCC006AFE65 /* Assets.xcassets */; };
		DE1A7B8427382DCC006AFE65 /* LaunchScreen.storyboard in Resources */ = {isa = PBXBuildFile; fileRef = DE1A7B8227382DCC006AFE65 /* LaunchScreen.storyboard */; };
		DE1A7B8B27382EFC006AFE65 /* StateFullOperation.framework in Frameworks */ = {isa = PBXBuildFile; fileRef = DE1A7B2327382CB6006AFE65 /* StateFullOperation.framework */; };
		DE1A7B8C27382EFC006AFE65 /* StateFullOperation.framework in Embed Frameworks */ = {isa = PBXBuildFile; fileRef = DE1A7B2327382CB6006AFE65 /* StateFullOperation.framework */; settings = {ATTRIBUTES = (CodeSignOnCopy, RemoveHeadersOnCopy, ); }; };
		DE46F9682738326D00BFBC23 /* SafeOperationTests.swift in Sources */ = {isa = PBXBuildFile; fileRef = DE46F9672738326D00BFBC23 /* SafeOperationTests.swift */; };
		DE750F902756BB250094AC0C /* MySafeOperationTaskMock.swift in Sources */ = {isa = PBXBuildFile; fileRef = DE750F8F2756BB250094AC0C /* MySafeOperationTaskMock.swift */; };
		DE750F922756BDD40094AC0C /* MySafeOperationFinishMock.swift in Sources */ = {isa = PBXBuildFile; fileRef = DE750F912756BDD40094AC0C /* MySafeOperationFinishMock.swift */; };
		DE750F942756BEEB0094AC0C /* MySafeOperationCancelMock.swift in Sources */ = {isa = PBXBuildFile; fileRef = DE750F932756BEEB0094AC0C /* MySafeOperationCancelMock.swift */; };
		DE750F962756C00B0094AC0C /* MySafeOperationWaitingMock.swift in Sources */ = {isa = PBXBuildFile; fileRef = DE750F952756C00B0094AC0C /* MySafeOperationWaitingMock.swift */; };
		DE750F982756C2EF0094AC0C /* MySafeOperationDependencyMock.swift in Sources */ = {isa = PBXBuildFile; fileRef = DE750F972756C2EF0094AC0C /* MySafeOperationDependencyMock.swift */; };
		DE8246E8274053D50016F239 /* MySafeOperationMock.swift in Sources */ = {isa = PBXBuildFile; fileRef = DE8246E7274053D50016F239 /* MySafeOperationMock.swift */; };
		DE99726F273AE78C0064E5C3 /* OperationQueue++Extension.swift in Sources */ = {isa = PBXBuildFile; fileRef = DE99726E273AE78C0064E5C3 /* OperationQueue++Extension.swift */; };
/* End PBXBuildFile section */

/* Begin PBXContainerItemProxy section */
		DE1A7B2F27382CB7006AFE65 /* PBXContainerItemProxy */ = {
			isa = PBXContainerItemProxy;
			containerPortal = DE1A7B1A27382CB6006AFE65 /* Project object */;
			proxyType = 1;
			remoteGlobalIDString = DE1A7B2227382CB6006AFE65;
			remoteInfo = StateFullOperation;
		};
		DE1A7B8D27382EFC006AFE65 /* PBXContainerItemProxy */ = {
			isa = PBXContainerItemProxy;
			containerPortal = DE1A7B1A27382CB6006AFE65 /* Project object */;
			proxyType = 1;
			remoteGlobalIDString = DE1A7B2227382CB6006AFE65;
			remoteInfo = StateFullOperation;
		};
/* End PBXContainerItemProxy section */

/* Begin PBXCopyFilesBuildPhase section */
		DE1A7B8F27382EFC006AFE65 /* Embed Frameworks */ = {
			isa = PBXCopyFilesBuildPhase;
			buildActionMask = 2147483647;
			dstPath = "";
			dstSubfolderSpec = 10;
			files = (
				DE1A7B8C27382EFC006AFE65 /* StateFullOperation.framework in Embed Frameworks */,
			);
			name = "Embed Frameworks";
			runOnlyForDeploymentPostprocessing = 0;
		};
/* End PBXCopyFilesBuildPhase section */

/* Begin PBXFileReference section */
		DE1A7B2327382CB6006AFE65 /* StateFullOperation.framework */ = {isa = PBXFileReference; explicitFileType = wrapper.framework; includeInIndex = 0; path = StateFullOperation.framework; sourceTree = BUILT_PRODUCTS_DIR; };
		DE1A7B2627382CB6006AFE65 /* StateFullOperation.h */ = {isa = PBXFileReference; lastKnownFileType = sourcecode.c.h; path = StateFullOperation.h; sourceTree = "<group>"; };
		DE1A7B2727382CB6006AFE65 /* StateFullOperation.docc */ = {isa = PBXFileReference; lastKnownFileType = folder.documentationcatalog; path = StateFullOperation.docc; sourceTree = "<group>"; };
		DE1A7B2D27382CB7006AFE65 /* StateFullOperationTests.xctest */ = {isa = PBXFileReference; explicitFileType = wrapper.cfbundle; includeInIndex = 0; path = StateFullOperationTests.xctest; sourceTree = BUILT_PRODUCTS_DIR; };
		DE1A7B3227382CB7006AFE65 /* StateFullOperationTests.swift */ = {isa = PBXFileReference; lastKnownFileType = sourcecode.swift; path = StateFullOperationTests.swift; sourceTree = "<group>"; };
		DE1A7B4527382D7C006AFE65 /* Threading.swift */ = {isa = PBXFileReference; fileEncoding = 4; lastKnownFileType = sourcecode.swift; path = Threading.swift; sourceTree = "<group>"; };
		DE1A7B4727382D81006AFE65 /* StateFullOperation.swift */ = {isa = PBXFileReference; fileEncoding = 4; lastKnownFileType = sourcecode.swift; path = StateFullOperation.swift; sourceTree = "<group>"; };
		DE1A7B4927382D89006AFE65 /* OperationFinishState.swift */ = {isa = PBXFileReference; fileEncoding = 4; lastKnownFileType = sourcecode.swift; path = OperationFinishState.swift; sourceTree = "<group>"; };
		DE1A7B4A27382D89006AFE65 /* OperationCancelState.swift */ = {isa = PBXFileReference; fileEncoding = 4; lastKnownFileType = sourcecode.swift; path = OperationCancelState.swift; sourceTree = "<group>"; };
		DE1A7B4B27382D89006AFE65 /* OperationExecutingState.swift */ = {isa = PBXFileReference; fileEncoding = 4; lastKnownFileType = sourcecode.swift; path = OperationExecutingState.swift; sourceTree = "<group>"; };
		DE1A7B4C27382D89006AFE65 /* OperationReadyState.swift */ = {isa = PBXFileReference; fileEncoding = 4; lastKnownFileType = sourcecode.swift; path = OperationReadyState.swift; sourceTree = "<group>"; };
		DE1A7B4D27382D89006AFE65 /* OperationSuspendState.swift */ = {isa = PBXFileReference; fileEncoding = 4; lastKnownFileType = sourcecode.swift; path = OperationSuspendState.swift; sourceTree = "<group>"; };
		DE1A7B5327382D92006AFE65 /* SafeOperation++IdentifiableOperation.swift */ = {isa = PBXFileReference; fileEncoding = 4; lastKnownFileType = sourcecode.swift; path = "SafeOperation++IdentifiableOperation.swift"; sourceTree = "<group>"; };
		DE1A7B5427382D92006AFE65 /* SafeOperation++Configuration.swift */ = {isa = PBXFileReference; fileEncoding = 4; lastKnownFileType = sourcecode.swift; path = "SafeOperation++Configuration.swift"; sourceTree = "<group>"; };
		DE1A7B5527382D92006AFE65 /* SafeOperation.swift */ = {isa = PBXFileReference; fileEncoding = 4; lastKnownFileType = sourcecode.swift; path = SafeOperation.swift; sourceTree = "<group>"; };
		DE1A7B5627382D93006AFE65 /* SafeOperation++OperationDependencyProtocol.swift */ = {isa = PBXFileReference; fileEncoding = 4; lastKnownFileType = sourcecode.swift; path = "SafeOperation++OperationDependencyProtocol.swift"; sourceTree = "<group>"; };
		DE1A7B5B27382D99006AFE65 /* OperationContextStateObject++Protocol.swift */ = {isa = PBXFileReference; fileEncoding = 4; lastKnownFileType = sourcecode.swift; path = "OperationContextStateObject++Protocol.swift"; sourceTree = "<group>"; };
		DE1A7B5C27382D99006AFE65 /* ControlableOperation++Protocol.swift */ = {isa = PBXFileReference; fileEncoding = 4; lastKnownFileType = sourcecode.swift; path = "ControlableOperation++Protocol.swift"; sourceTree = "<group>"; };
		DE1A7B5D27382D99006AFE65 /* OperationLifeCycleProvider++Protocol.swift */ = {isa = PBXFileReference; fileEncoding = 4; lastKnownFileType = sourcecode.swift; path = "OperationLifeCycleProvider++Protocol.swift"; sourceTree = "<group>"; };
		DE1A7B5E27382D99006AFE65 /* ConfigurableOperation++Protocol.swift */ = {isa = PBXFileReference; fileEncoding = 4; lastKnownFileType = sourcecode.swift; path = "ConfigurableOperation++Protocol.swift"; sourceTree = "<group>"; };
		DE1A7B5F27382D99006AFE65 /* OperationState++Protocol.swift */ = {isa = PBXFileReference; fileEncoding = 4; lastKnownFileType = sourcecode.swift; path = "OperationState++Protocol.swift"; sourceTree = "<group>"; };
		DE1A7B6027382D99006AFE65 /* StateSupplementaryActionProvider++Protocol.swift */ = {isa = PBXFileReference; fileEncoding = 4; lastKnownFileType = sourcecode.swift; path = "StateSupplementaryActionProvider++Protocol.swift"; sourceTree = "<group>"; };
		DE1A7B6727382D9F006AFE65 /* OperationIdentifier.swift */ = {isa = PBXFileReference; fileEncoding = 4; lastKnownFileType = sourcecode.swift; path = OperationIdentifier.swift; sourceTree = "<group>"; };
		DE1A7B6827382D9F006AFE65 /* OperationStateInfoModel.swift */ = {isa = PBXFileReference; fileEncoding = 4; lastKnownFileType = sourcecode.swift; path = OperationStateInfoModel.swift; sourceTree = "<group>"; };
		DE1A7B6927382D9F006AFE65 /* OperationStates.swift */ = {isa = PBXFileReference; fileEncoding = 4; lastKnownFileType = sourcecode.swift; path = OperationStates.swift; sourceTree = "<group>"; };
		DE1A7B6D27382DA4006AFE65 /* SFOAlias.swift */ = {isa = PBXFileReference; fileEncoding = 4; lastKnownFileType = sourcecode.swift; path = SFOAlias.swift; sourceTree = "<group>"; };
		DE1A7B6F27382DA8006AFE65 /* SFOError.swift */ = {isa = PBXFileReference; fileEncoding = 4; lastKnownFileType = sourcecode.swift; path = SFOError.swift; sourceTree = "<group>"; };
		DE1A7B7527382DC8006AFE65 /* Example.app */ = {isa = PBXFileReference; explicitFileType = wrapper.application; includeInIndex = 0; path = Example.app; sourceTree = BUILT_PRODUCTS_DIR; };
		DE1A7B7727382DC8006AFE65 /* AppDelegate.swift */ = {isa = PBXFileReference; lastKnownFileType = sourcecode.swift; path = AppDelegate.swift; sourceTree = "<group>"; };
		DE1A7B7927382DC8006AFE65 /* SceneDelegate.swift */ = {isa = PBXFileReference; lastKnownFileType = sourcecode.swift; path = SceneDelegate.swift; sourceTree = "<group>"; };
		DE1A7B7B27382DC8006AFE65 /* ViewController.swift */ = {isa = PBXFileReference; lastKnownFileType = sourcecode.swift; path = ViewController.swift; sourceTree = "<group>"; };
		DE1A7B7E27382DC8006AFE65 /* Base */ = {isa = PBXFileReference; lastKnownFileType = file.storyboard; name = Base; path = Base.lproj/Main.storyboard; sourceTree = "<group>"; };
		DE1A7B8027382DCC006AFE65 /* Assets.xcassets */ = {isa = PBXFileReference; lastKnownFileType = folder.assetcatalog; path = Assets.xcassets; sourceTree = "<group>"; };
		DE1A7B8327382DCC006AFE65 /* Base */ = {isa = PBXFileReference; lastKnownFileType = file.storyboard; name = Base; path = Base.lproj/LaunchScreen.storyboard; sourceTree = "<group>"; };
		DE1A7B8527382DCC006AFE65 /* Info.plist */ = {isa = PBXFileReference; lastKnownFileType = text.plist.xml; path = Info.plist; sourceTree = "<group>"; };
		DE46F9672738326D00BFBC23 /* SafeOperationTests.swift */ = {isa = PBXFileReference; lastKnownFileType = sourcecode.swift; path = SafeOperationTests.swift; sourceTree = "<group>"; };
		DE750F8F2756BB250094AC0C /* MySafeOperationTaskMock.swift */ = {isa = PBXFileReference; lastKnownFileType = sourcecode.swift; path = MySafeOperationTaskMock.swift; sourceTree = "<group>"; };
		DE750F912756BDD40094AC0C /* MySafeOperationFinishMock.swift */ = {isa = PBXFileReference; lastKnownFileType = sourcecode.swift; path = MySafeOperationFinishMock.swift; sourceTree = "<group>"; };
		DE750F932756BEEB0094AC0C /* MySafeOperationCancelMock.swift */ = {isa = PBXFileReference; lastKnownFileType = sourcecode.swift; path = MySafeOperationCancelMock.swift; sourceTree = "<group>"; };
		DE750F952756C00B0094AC0C /* MySafeOperationWaitingMock.swift */ = {isa = PBXFileReference; lastKnownFileType = sourcecode.swift; path = MySafeOperationWaitingMock.swift; sourceTree = "<group>"; };
		DE750F972756C2EF0094AC0C /* MySafeOperationDependencyMock.swift */ = {isa = PBXFileReference; lastKnownFileType = sourcecode.swift; path = MySafeOperationDependencyMock.swift; sourceTree = "<group>"; };
		DE8246E7274053D50016F239 /* MySafeOperationMock.swift */ = {isa = PBXFileReference; lastKnownFileType = sourcecode.swift; path = MySafeOperationMock.swift; sourceTree = "<group>"; };
		DE99726E273AE78C0064E5C3 /* OperationQueue++Extension.swift */ = {isa = PBXFileReference; lastKnownFileType = sourcecode.swift; path = "OperationQueue++Extension.swift"; sourceTree = "<group>"; };
/* End PBXFileReference section */

/* Begin PBXFrameworksBuildPhase section */
		DE1A7B2027382CB6006AFE65 /* Frameworks */ = {
			isa = PBXFrameworksBuildPhase;
			buildActionMask = 2147483647;
			files = (
			);
			runOnlyForDeploymentPostprocessing = 0;
		};
		DE1A7B2A27382CB7006AFE65 /* Frameworks */ = {
			isa = PBXFrameworksBuildPhase;
			buildActionMask = 2147483647;
			files = (
				DE1A7B2E27382CB7006AFE65 /* StateFullOperation.framework in Frameworks */,
			);
			runOnlyForDeploymentPostprocessing = 0;
		};
		DE1A7B7227382DC8006AFE65 /* Frameworks */ = {
			isa = PBXFrameworksBuildPhase;
			buildActionMask = 2147483647;
			files = (
				DE1A7B8B27382EFC006AFE65 /* StateFullOperation.framework in Frameworks */,
			);
			runOnlyForDeploymentPostprocessing = 0;
		};
/* End PBXFrameworksBuildPhase section */

/* Begin PBXGroup section */
		DE1A7B1927382CB6006AFE65 = {
			isa = PBXGroup;
			children = (
				DE1A7B2527382CB6006AFE65 /* StateFullOperation */,
				DE1A7B3127382CB7006AFE65 /* StateFullOperationTests */,
				DE1A7B7627382DC8006AFE65 /* Example */,
				DE1A7B2427382CB6006AFE65 /* Products */,
				DE1A7B8A27382EFC006AFE65 /* Frameworks */,
			);
			sourceTree = "<group>";
		};
		DE1A7B2427382CB6006AFE65 /* Products */ = {
			isa = PBXGroup;
			children = (
				DE1A7B2327382CB6006AFE65 /* StateFullOperation.framework */,
				DE1A7B2D27382CB7006AFE65 /* StateFullOperationTests.xctest */,
				DE1A7B7527382DC8006AFE65 /* Example.app */,
			);
			name = Products;
			sourceTree = "<group>";
		};
		DE1A7B2527382CB6006AFE65 /* StateFullOperation */ = {
			isa = PBXGroup;
			children = (
				DE1A7B4227382CFB006AFE65 /* Utilities */,
				DE1A7B4127382CF3006AFE65 /* StateFullOperation */,
				DE1A7B4027382CED006AFE65 /* SafeOperation */,
				DE1A7B3F27382CE3006AFE65 /* Protocols */,
				DE1A7B3E27382CD9006AFE65 /* Models */,
				DE1A7B3D27382CD4006AFE65 /* Common */,
				DE1A7B2627382CB6006AFE65 /* StateFullOperation.h */,
				DE1A7B2727382CB6006AFE65 /* StateFullOperation.docc */,
			);
			path = StateFullOperation;
			sourceTree = "<group>";
		};
		DE1A7B3127382CB7006AFE65 /* StateFullOperationTests */ = {
			isa = PBXGroup;
			children = (
				DE99726C273AC7E70064E5C3 /* SafeOperationTests */,
				DE1A7B3227382CB7006AFE65 /* StateFullOperationTests.swift */,
			);
			path = StateFullOperationTests;
			sourceTree = "<group>";
		};
		DE1A7B3D27382CD4006AFE65 /* Common */ = {
			isa = PBXGroup;
			children = (
				DE99726D273AE7760064E5C3 /* Extensions */,
				DE1A7B4327382D08006AFE65 /* Errors */,
				DE1A7B6D27382DA4006AFE65 /* SFOAlias.swift */,
			);
			path = Common;
			sourceTree = "<group>";
		};
		DE1A7B3E27382CD9006AFE65 /* Models */ = {
			isa = PBXGroup;
			children = (
				DE1A7B6727382D9F006AFE65 /* OperationIdentifier.swift */,
				DE1A7B6827382D9F006AFE65 /* OperationStateInfoModel.swift */,
				DE1A7B6927382D9F006AFE65 /* OperationStates.swift */,
			);
			path = Models;
			sourceTree = "<group>";
		};
		DE1A7B3F27382CE3006AFE65 /* Protocols */ = {
			isa = PBXGroup;
			children = (
				DE1A7B5E27382D99006AFE65 /* ConfigurableOperation++Protocol.swift */,
				DE1A7B5C27382D99006AFE65 /* ControlableOperation++Protocol.swift */,
				DE1A7B5B27382D99006AFE65 /* OperationContextStateObject++Protocol.swift */,
				DE1A7B5D27382D99006AFE65 /* OperationLifeCycleProvider++Protocol.swift */,
				DE1A7B5F27382D99006AFE65 /* OperationState++Protocol.swift */,
				DE1A7B6027382D99006AFE65 /* StateSupplementaryActionProvider++Protocol.swift */,
			);
			path = Protocols;
			sourceTree = "<group>";
		};
		DE1A7B4027382CED006AFE65 /* SafeOperation */ = {
			isa = PBXGroup;
			children = (
				DE1A7B5527382D92006AFE65 /* SafeOperation.swift */,
				DE1A7B5427382D92006AFE65 /* SafeOperation++Configuration.swift */,
				DE1A7B5327382D92006AFE65 /* SafeOperation++IdentifiableOperation.swift */,
				DE1A7B5627382D93006AFE65 /* SafeOperation++OperationDependencyProtocol.swift */,
			);
			path = SafeOperation;
			sourceTree = "<group>";
		};
		DE1A7B4127382CF3006AFE65 /* StateFullOperation */ = {
			isa = PBXGroup;
			children = (
				DE1A7B4427382D10006AFE65 /* StateFullOperation++States */,
				DE1A7B4727382D81006AFE65 /* StateFullOperation.swift */,
			);
			path = StateFullOperation;
			sourceTree = "<group>";
		};
		DE1A7B4227382CFB006AFE65 /* Utilities */ = {
			isa = PBXGroup;
			children = (
				DE1A7B4527382D7C006AFE65 /* Threading.swift */,
			);
			path = Utilities;
			sourceTree = "<group>";
		};
		DE1A7B4327382D08006AFE65 /* Errors */ = {
			isa = PBXGroup;
			children = (
				DE1A7B6F27382DA8006AFE65 /* SFOError.swift */,
			);
			path = Errors;
			sourceTree = "<group>";
		};
		DE1A7B4427382D10006AFE65 /* StateFullOperation++States */ = {
			isa = PBXGroup;
			children = (
				DE1A7B4A27382D89006AFE65 /* OperationCancelState.swift */,
				DE1A7B4B27382D89006AFE65 /* OperationExecutingState.swift */,
				DE1A7B4927382D89006AFE65 /* OperationFinishState.swift */,
				DE1A7B4C27382D89006AFE65 /* OperationReadyState.swift */,
				DE1A7B4D27382D89006AFE65 /* OperationSuspendState.swift */,
			);
			path = "StateFullOperation++States";
			sourceTree = "<group>";
		};
		DE1A7B7627382DC8006AFE65 /* Example */ = {
			isa = PBXGroup;
			children = (
				DE1A7B7727382DC8006AFE65 /* AppDelegate.swift */,
				DE1A7B7927382DC8006AFE65 /* SceneDelegate.swift */,
				DE1A7B7B27382DC8006AFE65 /* ViewController.swift */,
				DE1A7B7D27382DC8006AFE65 /* Main.storyboard */,
				DE1A7B8027382DCC006AFE65 /* Assets.xcassets */,
				DE1A7B8227382DCC006AFE65 /* LaunchScreen.storyboard */,
				DE1A7B8527382DCC006AFE65 /* Info.plist */,
			);
			path = Example;
			sourceTree = "<group>";
		};
		DE1A7B8A27382EFC006AFE65 /* Frameworks */ = {
			isa = PBXGroup;
			children = (
			);
			name = Frameworks;
			sourceTree = "<group>";
		};
		DE8246E6274053B30016F239 /* Mocks */ = {
			isa = PBXGroup;
			children = (
				DE8246E7274053D50016F239 /* MySafeOperationMock.swift */,
				DE750F8F2756BB250094AC0C /* MySafeOperationTaskMock.swift */,
				DE750F912756BDD40094AC0C /* MySafeOperationFinishMock.swift */,
				DE750F932756BEEB0094AC0C /* MySafeOperationCancelMock.swift */,
				DE750F952756C00B0094AC0C /* MySafeOperationWaitingMock.swift */,
				DE750F972756C2EF0094AC0C /* MySafeOperationDependencyMock.swift */,
			);
			path = Mocks;
			sourceTree = "<group>";
		};
		DE99726C273AC7E70064E5C3 /* SafeOperationTests */ = {
			isa = PBXGroup;
			children = (
				DE8246E6274053B30016F239 /* Mocks */,
				DE46F9672738326D00BFBC23 /* SafeOperationTests.swift */,
			);
			path = SafeOperationTests;
			sourceTree = "<group>";
		};
		DE99726D273AE7760064E5C3 /* Extensions */ = {
			isa = PBXGroup;
			children = (
				DE99726E273AE78C0064E5C3 /* OperationQueue++Extension.swift */,
			);
			path = Extensions;
			sourceTree = "<group>";
		};
/* End PBXGroup section */

/* Begin PBXHeadersBuildPhase section */
		DE1A7B1E27382CB6006AFE65 /* Headers */ = {
			isa = PBXHeadersBuildPhase;
			buildActionMask = 2147483647;
			files = (
				DE1A7B3427382CB7006AFE65 /* StateFullOperation.h in Headers */,
			);
			runOnlyForDeploymentPostprocessing = 0;
		};
/* End PBXHeadersBuildPhase section */

/* Begin PBXNativeTarget section */
		DE1A7B2227382CB6006AFE65 /* StateFullOperation */ = {
			isa = PBXNativeTarget;
			buildConfigurationList = DE1A7B3727382CB7006AFE65 /* Build configuration list for PBXNativeTarget "StateFullOperation" */;
			buildPhases = (
				DE1A7B1E27382CB6006AFE65 /* Headers */,
				DE1A7B1F27382CB6006AFE65 /* Sources */,
				DE1A7B2027382CB6006AFE65 /* Frameworks */,
				DE1A7B2127382CB6006AFE65 /* Resources */,
			);
			buildRules = (
			);
			dependencies = (
			);
			name = StateFullOperation;
			productName = StateFullOperation;
			productReference = DE1A7B2327382CB6006AFE65 /* StateFullOperation.framework */;
			productType = "com.apple.product-type.framework";
		};
		DE1A7B2C27382CB7006AFE65 /* StateFullOperationTests */ = {
			isa = PBXNativeTarget;
			buildConfigurationList = DE1A7B3A27382CB7006AFE65 /* Build configuration list for PBXNativeTarget "StateFullOperationTests" */;
			buildPhases = (
				DE1A7B2927382CB7006AFE65 /* Sources */,
				DE1A7B2A27382CB7006AFE65 /* Frameworks */,
				DE1A7B2B27382CB7006AFE65 /* Resources */,
			);
			buildRules = (
			);
			dependencies = (
				DE1A7B3027382CB7006AFE65 /* PBXTargetDependency */,
			);
			name = StateFullOperationTests;
			productName = StateFullOperationTests;
			productReference = DE1A7B2D27382CB7006AFE65 /* StateFullOperationTests.xctest */;
			productType = "com.apple.product-type.bundle.unit-test";
		};
		DE1A7B7427382DC8006AFE65 /* Example */ = {
			isa = PBXNativeTarget;
			buildConfigurationList = DE1A7B8627382DCC006AFE65 /* Build configuration list for PBXNativeTarget "Example" */;
			buildPhases = (
				DE1A7B7127382DC8006AFE65 /* Sources */,
				DE1A7B7227382DC8006AFE65 /* Frameworks */,
				DE1A7B7327382DC8006AFE65 /* Resources */,
				DE1A7B8F27382EFC006AFE65 /* Embed Frameworks */,
			);
			buildRules = (
			);
			dependencies = (
				DE1A7B8E27382EFC006AFE65 /* PBXTargetDependency */,
			);
			name = Example;
			productName = Example;
			productReference = DE1A7B7527382DC8006AFE65 /* Example.app */;
			productType = "com.apple.product-type.application";
		};
/* End PBXNativeTarget section */

/* Begin PBXProject section */
		DE1A7B1A27382CB6006AFE65 /* Project object */ = {
			isa = PBXProject;
			attributes = {
				BuildIndependentTargetsInParallel = 1;
				LastSwiftUpdateCheck = 1310;
				LastUpgradeCheck = 1310;
				TargetAttributes = {
					DE1A7B2227382CB6006AFE65 = {
						CreatedOnToolsVersion = 13.1;
					};
					DE1A7B2C27382CB7006AFE65 = {
						CreatedOnToolsVersion = 13.1;
					};
					DE1A7B7427382DC8006AFE65 = {
						CreatedOnToolsVersion = 13.1;
					};
				};
			};
			buildConfigurationList = DE1A7B1D27382CB6006AFE65 /* Build configuration list for PBXProject "StateFullOperation" */;
			compatibilityVersion = "Xcode 13.0";
			developmentRegion = en;
			hasScannedForEncodings = 0;
			knownRegions = (
				en,
				Base,
			);
			mainGroup = DE1A7B1927382CB6006AFE65;
			productRefGroup = DE1A7B2427382CB6006AFE65 /* Products */;
			projectDirPath = "";
			projectRoot = "";
			targets = (
				DE1A7B2227382CB6006AFE65 /* StateFullOperation */,
				DE1A7B2C27382CB7006AFE65 /* StateFullOperationTests */,
				DE1A7B7427382DC8006AFE65 /* Example */,
			);
		};
/* End PBXProject section */

/* Begin PBXResourcesBuildPhase section */
		DE1A7B2127382CB6006AFE65 /* Resources */ = {
			isa = PBXResourcesBuildPhase;
			buildActionMask = 2147483647;
			files = (
			);
			runOnlyForDeploymentPostprocessing = 0;
		};
		DE1A7B2B27382CB7006AFE65 /* Resources */ = {
			isa = PBXResourcesBuildPhase;
			buildActionMask = 2147483647;
			files = (
			);
			runOnlyForDeploymentPostprocessing = 0;
		};
		DE1A7B7327382DC8006AFE65 /* Resources */ = {
			isa = PBXResourcesBuildPhase;
			buildActionMask = 2147483647;
			files = (
				DE1A7B8427382DCC006AFE65 /* LaunchScreen.storyboard in Resources */,
				DE1A7B8127382DCC006AFE65 /* Assets.xcassets in Resources */,
				DE1A7B7F27382DC8006AFE65 /* Main.storyboard in Resources */,
			);
			runOnlyForDeploymentPostprocessing = 0;
		};
/* End PBXResourcesBuildPhase section */

/* Begin PBXSourcesBuildPhase section */
		DE1A7B1F27382CB6006AFE65 /* Sources */ = {
			isa = PBXSourcesBuildPhase;
			buildActionMask = 2147483647;
			files = (
				DE1A7B6627382D99006AFE65 /* StateSupplementaryActionProvider++Protocol.swift in Sources */,
				DE1A7B4E27382D89006AFE65 /* OperationFinishState.swift in Sources */,
				DE1A7B4F27382D89006AFE65 /* OperationCancelState.swift in Sources */,
				DE1A7B6B27382D9F006AFE65 /* OperationStateInfoModel.swift in Sources */,
				DE1A7B5227382D89006AFE65 /* OperationSuspendState.swift in Sources */,
				DE1A7B5A27382D93006AFE65 /* SafeOperation++OperationDependencyProtocol.swift in Sources */,
				DE1A7B6327382D99006AFE65 /* OperationLifeCycleProvider++Protocol.swift in Sources */,
				DE1A7B7027382DA8006AFE65 /* SFOError.swift in Sources */,
				DE1A7B5127382D89006AFE65 /* OperationReadyState.swift in Sources */,
				DE1A7B6227382D99006AFE65 /* ControlableOperation++Protocol.swift in Sources */,
				DE1A7B6E27382DA4006AFE65 /* SFOAlias.swift in Sources */,
				DE99726F273AE78C0064E5C3 /* OperationQueue++Extension.swift in Sources */,
				DE1A7B6527382D99006AFE65 /* OperationState++Protocol.swift in Sources */,
				DE1A7B6C27382D9F006AFE65 /* OperationStates.swift in Sources */,
				DE1A7B5027382D89006AFE65 /* OperationExecutingState.swift in Sources */,
				DE1A7B4827382D81006AFE65 /* StateFullOperation.swift in Sources */,
				DE1A7B4627382D7C006AFE65 /* Threading.swift in Sources */,
				DE1A7B6427382D99006AFE65 /* ConfigurableOperation++Protocol.swift in Sources */,
				DE1A7B5927382D93006AFE65 /* SafeOperation.swift in Sources */,
				DE1A7B6127382D99006AFE65 /* OperationContextStateObject++Protocol.swift in Sources */,
				DE1A7B5727382D93006AFE65 /* SafeOperation++IdentifiableOperation.swift in Sources */,
				DE1A7B2827382CB6006AFE65 /* StateFullOperation.docc in Sources */,
				DE1A7B6A27382D9F006AFE65 /* OperationIdentifier.swift in Sources */,
				DE1A7B5827382D93006AFE65 /* SafeOperation++Configuration.swift in Sources */,
			);
			runOnlyForDeploymentPostprocessing = 0;
		};
		DE1A7B2927382CB7006AFE65 /* Sources */ = {
			isa = PBXSourcesBuildPhase;
			buildActionMask = 2147483647;
			files = (
				DE8246E8274053D50016F239 /* MySafeOperationMock.swift in Sources */,
				DE750F962756C00B0094AC0C /* MySafeOperationWaitingMock.swift in Sources */,
				DE750F922756BDD40094AC0C /* MySafeOperationFinishMock.swift in Sources */,
				DE46F9682738326D00BFBC23 /* SafeOperationTests.swift in Sources */,
				DE1A7B3327382CB7006AFE65 /* StateFullOperationTests.swift in Sources */,
				DE750F982756C2EF0094AC0C /* MySafeOperationDependencyMock.swift in Sources */,
				DE750F942756BEEB0094AC0C /* MySafeOperationCancelMock.swift in Sources */,
				DE750F902756BB250094AC0C /* MySafeOperationTaskMock.swift in Sources */,
			);
			runOnlyForDeploymentPostprocessing = 0;
		};
		DE1A7B7127382DC8006AFE65 /* Sources */ = {
			isa = PBXSourcesBuildPhase;
			buildActionMask = 2147483647;
			files = (
				DE1A7B7C27382DC8006AFE65 /* ViewController.swift in Sources */,
				DE1A7B7827382DC8006AFE65 /* AppDelegate.swift in Sources */,
				DE1A7B7A27382DC8006AFE65 /* SceneDelegate.swift in Sources */,
			);
			runOnlyForDeploymentPostprocessing = 0;
		};
/* End PBXSourcesBuildPhase section */

/* Begin PBXTargetDependency section */
		DE1A7B3027382CB7006AFE65 /* PBXTargetDependency */ = {
			isa = PBXTargetDependency;
			target = DE1A7B2227382CB6006AFE65 /* StateFullOperation */;
			targetProxy = DE1A7B2F27382CB7006AFE65 /* PBXContainerItemProxy */;
		};
		DE1A7B8E27382EFC006AFE65 /* PBXTargetDependency */ = {
			isa = PBXTargetDependency;
			target = DE1A7B2227382CB6006AFE65 /* StateFullOperation */;
			targetProxy = DE1A7B8D27382EFC006AFE65 /* PBXContainerItemProxy */;
		};
/* End PBXTargetDependency section */

/* Begin PBXVariantGroup section */
		DE1A7B7D27382DC8006AFE65 /* Main.storyboard */ = {
			isa = PBXVariantGroup;
			children = (
				DE1A7B7E27382DC8006AFE65 /* Base */,
			);
			name = Main.storyboard;
			sourceTree = "<group>";
		};
		DE1A7B8227382DCC006AFE65 /* LaunchScreen.storyboard */ = {
			isa = PBXVariantGroup;
			children = (
				DE1A7B8327382DCC006AFE65 /* Base */,
			);
			name = LaunchScreen.storyboard;
			sourceTree = "<group>";
		};
/* End PBXVariantGroup section */

/* Begin XCBuildConfiguration section */
		DE1A7B3527382CB7006AFE65 /* Debug */ = {
			isa = XCBuildConfiguration;
			buildSettings = {
				ALWAYS_SEARCH_USER_PATHS = NO;
				CLANG_ANALYZER_NONNULL = YES;
				CLANG_ANALYZER_NUMBER_OBJECT_CONVERSION = YES_AGGRESSIVE;
				CLANG_CXX_LANGUAGE_STANDARD = "gnu++17";
				CLANG_CXX_LIBRARY = "libc++";
				CLANG_ENABLE_MODULES = YES;
				CLANG_ENABLE_OBJC_ARC = YES;
				CLANG_ENABLE_OBJC_WEAK = YES;
				CLANG_WARN_BLOCK_CAPTURE_AUTORELEASING = YES;
				CLANG_WARN_BOOL_CONVERSION = YES;
				CLANG_WARN_COMMA = YES;
				CLANG_WARN_CONSTANT_CONVERSION = YES;
				CLANG_WARN_DEPRECATED_OBJC_IMPLEMENTATIONS = YES;
				CLANG_WARN_DIRECT_OBJC_ISA_USAGE = YES_ERROR;
				CLANG_WARN_DOCUMENTATION_COMMENTS = YES;
				CLANG_WARN_EMPTY_BODY = YES;
				CLANG_WARN_ENUM_CONVERSION = YES;
				CLANG_WARN_INFINITE_RECURSION = YES;
				CLANG_WARN_INT_CONVERSION = YES;
				CLANG_WARN_NON_LITERAL_NULL_CONVERSION = YES;
				CLANG_WARN_OBJC_IMPLICIT_RETAIN_SELF = YES;
				CLANG_WARN_OBJC_LITERAL_CONVERSION = YES;
				CLANG_WARN_OBJC_ROOT_CLASS = YES_ERROR;
				CLANG_WARN_QUOTED_INCLUDE_IN_FRAMEWORK_HEADER = YES;
				CLANG_WARN_RANGE_LOOP_ANALYSIS = YES;
				CLANG_WARN_STRICT_PROTOTYPES = YES;
				CLANG_WARN_SUSPICIOUS_MOVE = YES;
				CLANG_WARN_UNGUARDED_AVAILABILITY = YES_AGGRESSIVE;
				CLANG_WARN_UNREACHABLE_CODE = YES;
				CLANG_WARN__DUPLICATE_METHOD_MATCH = YES;
				COPY_PHASE_STRIP = NO;
				CURRENT_PROJECT_VERSION = 1;
				DEBUG_INFORMATION_FORMAT = dwarf;
				ENABLE_STRICT_OBJC_MSGSEND = YES;
				ENABLE_TESTABILITY = YES;
				GCC_C_LANGUAGE_STANDARD = gnu11;
				GCC_DYNAMIC_NO_PIC = NO;
				GCC_NO_COMMON_BLOCKS = YES;
				GCC_OPTIMIZATION_LEVEL = 0;
				GCC_PREPROCESSOR_DEFINITIONS = (
					"DEBUG=1",
					"$(inherited)",
				);
				GCC_WARN_64_TO_32_BIT_CONVERSION = YES;
				GCC_WARN_ABOUT_RETURN_TYPE = YES_ERROR;
				GCC_WARN_UNDECLARED_SELECTOR = YES;
				GCC_WARN_UNINITIALIZED_AUTOS = YES_AGGRESSIVE;
				GCC_WARN_UNUSED_FUNCTION = YES;
				GCC_WARN_UNUSED_VARIABLE = YES;
				IPHONEOS_DEPLOYMENT_TARGET = 15.0;
				MTL_ENABLE_DEBUG_INFO = INCLUDE_SOURCE;
				MTL_FAST_MATH = YES;
				ONLY_ACTIVE_ARCH = YES;
				SDKROOT = iphoneos;
				SWIFT_ACTIVE_COMPILATION_CONDITIONS = DEBUG;
				SWIFT_OPTIMIZATION_LEVEL = "-Onone";
				VERSIONING_SYSTEM = "apple-generic";
				VERSION_INFO_PREFIX = "";
			};
			name = Debug;
		};
		DE1A7B3627382CB7006AFE65 /* Release */ = {
			isa = XCBuildConfiguration;
			buildSettings = {
				ALWAYS_SEARCH_USER_PATHS = NO;
				CLANG_ANALYZER_NONNULL = YES;
				CLANG_ANALYZER_NUMBER_OBJECT_CONVERSION = YES_AGGRESSIVE;
				CLANG_CXX_LANGUAGE_STANDARD = "gnu++17";
				CLANG_CXX_LIBRARY = "libc++";
				CLANG_ENABLE_MODULES = YES;
				CLANG_ENABLE_OBJC_ARC = YES;
				CLANG_ENABLE_OBJC_WEAK = YES;
				CLANG_WARN_BLOCK_CAPTURE_AUTORELEASING = YES;
				CLANG_WARN_BOOL_CONVERSION = YES;
				CLANG_WARN_COMMA = YES;
				CLANG_WARN_CONSTANT_CONVERSION = YES;
				CLANG_WARN_DEPRECATED_OBJC_IMPLEMENTATIONS = YES;
				CLANG_WARN_DIRECT_OBJC_ISA_USAGE = YES_ERROR;
				CLANG_WARN_DOCUMENTATION_COMMENTS = YES;
				CLANG_WARN_EMPTY_BODY = YES;
				CLANG_WARN_ENUM_CONVERSION = YES;
				CLANG_WARN_INFINITE_RECURSION = YES;
				CLANG_WARN_INT_CONVERSION = YES;
				CLANG_WARN_NON_LITERAL_NULL_CONVERSION = YES;
				CLANG_WARN_OBJC_IMPLICIT_RETAIN_SELF = YES;
				CLANG_WARN_OBJC_LITERAL_CONVERSION = YES;
				CLANG_WARN_OBJC_ROOT_CLASS = YES_ERROR;
				CLANG_WARN_QUOTED_INCLUDE_IN_FRAMEWORK_HEADER = YES;
				CLANG_WARN_RANGE_LOOP_ANALYSIS = YES;
				CLANG_WARN_STRICT_PROTOTYPES = YES;
				CLANG_WARN_SUSPICIOUS_MOVE = YES;
				CLANG_WARN_UNGUARDED_AVAILABILITY = YES_AGGRESSIVE;
				CLANG_WARN_UNREACHABLE_CODE = YES;
				CLANG_WARN__DUPLICATE_METHOD_MATCH = YES;
				COPY_PHASE_STRIP = NO;
				CURRENT_PROJECT_VERSION = 1;
				DEBUG_INFORMATION_FORMAT = "dwarf-with-dsym";
				ENABLE_NS_ASSERTIONS = NO;
				ENABLE_STRICT_OBJC_MSGSEND = YES;
				GCC_C_LANGUAGE_STANDARD = gnu11;
				GCC_NO_COMMON_BLOCKS = YES;
				GCC_WARN_64_TO_32_BIT_CONVERSION = YES;
				GCC_WARN_ABOUT_RETURN_TYPE = YES_ERROR;
				GCC_WARN_UNDECLARED_SELECTOR = YES;
				GCC_WARN_UNINITIALIZED_AUTOS = YES_AGGRESSIVE;
				GCC_WARN_UNUSED_FUNCTION = YES;
				GCC_WARN_UNUSED_VARIABLE = YES;
				IPHONEOS_DEPLOYMENT_TARGET = 15.0;
				MTL_ENABLE_DEBUG_INFO = NO;
				MTL_FAST_MATH = YES;
				SDKROOT = iphoneos;
				SWIFT_COMPILATION_MODE = wholemodule;
				SWIFT_OPTIMIZATION_LEVEL = "-O";
				VALIDATE_PRODUCT = YES;
				VERSIONING_SYSTEM = "apple-generic";
				VERSION_INFO_PREFIX = "";
			};
			name = Release;
		};
		DE1A7B3827382CB7006AFE65 /* Debug */ = {
			isa = XCBuildConfiguration;
			buildSettings = {
				CODE_SIGN_STYLE = Automatic;
				CURRENT_PROJECT_VERSION = 1;
				DEFINES_MODULE = YES;
				DEVELOPMENT_TEAM = 88P363PJC9;
				DYLIB_COMPATIBILITY_VERSION = 1;
				DYLIB_CURRENT_VERSION = 1;
				DYLIB_INSTALL_NAME_BASE = "@rpath";
				GENERATE_INFOPLIST_FILE = YES;
				INFOPLIST_KEY_NSHumanReadableCopyright = "";
				INSTALL_PATH = "$(LOCAL_LIBRARY_DIR)/Frameworks";
				LD_RUNPATH_SEARCH_PATHS = (
					"$(inherited)",
					"@executable_path/Frameworks",
					"@loader_path/Frameworks",
				);
				MARKETING_VERSION = 1.0;
				PRODUCT_BUNDLE_IDENTIFIER = KiarashVosough.StateFullOperation;
				PRODUCT_NAME = "$(TARGET_NAME:c99extidentifier)";
				SKIP_INSTALL = YES;
				SWIFT_EMIT_LOC_STRINGS = YES;
				SWIFT_VERSION = 5.0;
				TARGETED_DEVICE_FAMILY = "1,2";
			};
			name = Debug;
		};
		DE1A7B3927382CB7006AFE65 /* Release */ = {
			isa = XCBuildConfiguration;
			buildSettings = {
				CODE_SIGN_STYLE = Automatic;
				CURRENT_PROJECT_VERSION = 1;
				DEFINES_MODULE = YES;
				DEVELOPMENT_TEAM = 88P363PJC9;
				DYLIB_COMPATIBILITY_VERSION = 1;
				DYLIB_CURRENT_VERSION = 1;
				DYLIB_INSTALL_NAME_BASE = "@rpath";
				GENERATE_INFOPLIST_FILE = YES;
				INFOPLIST_KEY_NSHumanReadableCopyright = "";
				INSTALL_PATH = "$(LOCAL_LIBRARY_DIR)/Frameworks";
				LD_RUNPATH_SEARCH_PATHS = (
					"$(inherited)",
					"@executable_path/Frameworks",
					"@loader_path/Frameworks",
				);
				MARKETING_VERSION = 1.0;
				PRODUCT_BUNDLE_IDENTIFIER = KiarashVosough.StateFullOperation;
				PRODUCT_NAME = "$(TARGET_NAME:c99extidentifier)";
				SKIP_INSTALL = YES;
				SWIFT_EMIT_LOC_STRINGS = YES;
				SWIFT_VERSION = 5.0;
				TARGETED_DEVICE_FAMILY = "1,2";
			};
			name = Release;
		};
		DE1A7B3B27382CB7006AFE65 /* Debug */ = {
			isa = XCBuildConfiguration;
			buildSettings = {
				ALWAYS_EMBED_SWIFT_STANDARD_LIBRARIES = YES;
				CODE_SIGN_STYLE = Automatic;
				CURRENT_PROJECT_VERSION = 1;
				DEVELOPMENT_TEAM = 88P363PJC9;
				GENERATE_INFOPLIST_FILE = YES;
				LD_RUNPATH_SEARCH_PATHS = (
					"$(inherited)",
					"@executable_path/Frameworks",
					"@loader_path/Frameworks",
				);
				MARKETING_VERSION = 1.0;
				PRODUCT_BUNDLE_IDENTIFIER = KiarashVosough.StateFullOperationTests;
				PRODUCT_NAME = "$(TARGET_NAME)";
				SWIFT_EMIT_LOC_STRINGS = NO;
				SWIFT_VERSION = 5.0;
				TARGETED_DEVICE_FAMILY = "1,2";
			};
			name = Debug;
		};
		DE1A7B3C27382CB7006AFE65 /* Release */ = {
			isa = XCBuildConfiguration;
			buildSettings = {
				ALWAYS_EMBED_SWIFT_STANDARD_LIBRARIES = YES;
				CODE_SIGN_STYLE = Automatic;
				CURRENT_PROJECT_VERSION = 1;
				DEVELOPMENT_TEAM = 88P363PJC9;
				GENERATE_INFOPLIST_FILE = YES;
				LD_RUNPATH_SEARCH_PATHS = (
					"$(inherited)",
					"@executable_path/Frameworks",
					"@loader_path/Frameworks",
				);
				MARKETING_VERSION = 1.0;
				PRODUCT_BUNDLE_IDENTIFIER = KiarashVosough.StateFullOperationTests;
				PRODUCT_NAME = "$(TARGET_NAME)";
				SWIFT_EMIT_LOC_STRINGS = NO;
				SWIFT_VERSION = 5.0;
				TARGETED_DEVICE_FAMILY = "1,2";
			};
			name = Release;
		};
		DE1A7B8727382DCC006AFE65 /* Debug */ = {
			isa = XCBuildConfiguration;
			buildSettings = {
				ASSETCATALOG_COMPILER_APPICON_NAME = AppIcon;
				ASSETCATALOG_COMPILER_GLOBAL_ACCENT_COLOR_NAME = AccentColor;
				CODE_SIGN_STYLE = Automatic;
				CURRENT_PROJECT_VERSION = 1;
				DEVELOPMENT_TEAM = 88P363PJC9;
				GENERATE_INFOPLIST_FILE = YES;
				INFOPLIST_FILE = Example/Info.plist;
				INFOPLIST_KEY_UIApplicationSupportsIndirectInputEvents = YES;
				INFOPLIST_KEY_UILaunchStoryboardName = LaunchScreen;
				INFOPLIST_KEY_UIMainStoryboardFile = Main;
				INFOPLIST_KEY_UISupportedInterfaceOrientations_iPad = "UIInterfaceOrientationPortrait UIInterfaceOrientationPortraitUpsideDown UIInterfaceOrientationLandscapeLeft UIInterfaceOrientationLandscapeRight";
				INFOPLIST_KEY_UISupportedInterfaceOrientations_iPhone = "UIInterfaceOrientationPortrait UIInterfaceOrientationLandscapeLeft UIInterfaceOrientationLandscapeRight";
				LD_RUNPATH_SEARCH_PATHS = (
					"$(inherited)",
					"@executable_path/Frameworks",
				);
				MARKETING_VERSION = 1.0;
				PRODUCT_BUNDLE_IDENTIFIER = KiarashVosough.Example;
				PRODUCT_NAME = "$(TARGET_NAME)";
				SWIFT_EMIT_LOC_STRINGS = YES;
				SWIFT_VERSION = 5.0;
				TARGETED_DEVICE_FAMILY = "1,2";
			};
			name = Debug;
		};
		DE1A7B8827382DCC006AFE65 /* Release */ = {
			isa = XCBuildConfiguration;
			buildSettings = {
				ASSETCATALOG_COMPILER_APPICON_NAME = AppIcon;
				ASSETCATALOG_COMPILER_GLOBAL_ACCENT_COLOR_NAME = AccentColor;
				CODE_SIGN_STYLE = Automatic;
				CURRENT_PROJECT_VERSION = 1;
				DEVELOPMENT_TEAM = 88P363PJC9;
				GENERATE_INFOPLIST_FILE = YES;
				INFOPLIST_FILE = Example/Info.plist;
				INFOPLIST_KEY_UIApplicationSupportsIndirectInputEvents = YES;
				INFOPLIST_KEY_UILaunchStoryboardName = LaunchScreen;
				INFOPLIST_KEY_UIMainStoryboardFile = Main;
				INFOPLIST_KEY_UISupportedInterfaceOrientations_iPad = "UIInterfaceOrientationPortrait UIInterfaceOrientationPortraitUpsideDown UIInterfaceOrientationLandscapeLeft UIInterfaceOrientationLandscapeRight";
				INFOPLIST_KEY_UISupportedInterfaceOrientations_iPhone = "UIInterfaceOrientationPortrait UIInterfaceOrientationLandscapeLeft UIInterfaceOrientationLandscapeRight";
				LD_RUNPATH_SEARCH_PATHS = (
					"$(inherited)",
					"@executable_path/Frameworks",
				);
				MARKETING_VERSION = 1.0;
				PRODUCT_BUNDLE_IDENTIFIER = KiarashVosough.Example;
				PRODUCT_NAME = "$(TARGET_NAME)";
				SWIFT_EMIT_LOC_STRINGS = YES;
				SWIFT_VERSION = 5.0;
				TARGETED_DEVICE_FAMILY = "1,2";
			};
			name = Release;
		};
/* End XCBuildConfiguration section */

/* Begin XCConfigurationList section */
		DE1A7B1D27382CB6006AFE65 /* Build configuration list for PBXProject "StateFullOperation" */ = {
			isa = XCConfigurationList;
			buildConfigurations = (
				DE1A7B3527382CB7006AFE65 /* Debug */,
				DE1A7B3627382CB7006AFE65 /* Release */,
			);
			defaultConfigurationIsVisible = 0;
			defaultConfigurationName = Release;
		};
		DE1A7B3727382CB7006AFE65 /* Build configuration list for PBXNativeTarget "StateFullOperation" */ = {
			isa = XCConfigurationList;
			buildConfigurations = (
				DE1A7B3827382CB7006AFE65 /* Debug */,
				DE1A7B3927382CB7006AFE65 /* Release */,
			);
			defaultConfigurationIsVisible = 0;
			defaultConfigurationName = Release;
		};
		DE1A7B3A27382CB7006AFE65 /* Build configuration list for PBXNativeTarget "StateFullOperationTests" */ = {
			isa = XCConfigurationList;
			buildConfigurations = (
				DE1A7B3B27382CB7006AFE65 /* Debug */,
				DE1A7B3C27382CB7006AFE65 /* Release */,
			);
			defaultConfigurationIsVisible = 0;
			defaultConfigurationName = Release;
		};
		DE1A7B8627382DCC006AFE65 /* Build configuration list for PBXNativeTarget "Example" */ = {
			isa = XCConfigurationList;
			buildConfigurations = (
				DE1A7B8727382DCC006AFE65 /* Debug */,
				DE1A7B8827382DCC006AFE65 /* Release */,
			);
			defaultConfigurationIsVisible = 0;
			defaultConfigurationName = Release;
		};
/* End XCConfigurationList section */
	};
	rootObject = DE1A7B1A27382CB6006AFE65 /* Project object */;
}
